<?xml version="1.0" encoding="utf-8"?>
<Project ToolsVersion="4.0" xmlns="http://schemas.microsoft.com/developer/msbuild/2003">
  <ItemGroup>
    <Filter Include="Source Files">
      <UniqueIdentifier>{457b9785-636a-410c-aa07-23a6bafb28b5}</UniqueIdentifier>
    </Filter>
    <Filter Include="Source Files\common">
      <UniqueIdentifier>{f26389e3-79f7-438e-b99d-45af047c5692}</UniqueIdentifier>
    </Filter>
    <Filter Include="Source Files\service">
      <UniqueIdentifier>{75975796-0790-4ee0-950f-2d2497bcb17d}</UniqueIdentifier>
    </Filter>
    <Filter Include="Source Files\ui">
      <UniqueIdentifier>{d8880b9b-1993-4c4c-aef3-1aa4d63a1b47}</UniqueIdentifier>
    </Filter>
    <Filter Include="Header Files">
      <UniqueIdentifier>{0d911b15-dae7-428b-8d04-fa7ad3af23e2}</UniqueIdentifier>
    </Filter>
    <Filter Include="Header Files\common">
      <UniqueIdentifier>{6ea1fb66-a2a5-4296-b41d-f90ca389e574}</UniqueIdentifier>
    </Filter>
    <Filter Include="Header Files\service">
      <UniqueIdentifier>{aec92da6-94ae-4e41-a8e4-eecda49fc6c1}</UniqueIdentifier>
    </Filter>
    <Filter Include="Header Files\ui">
      <UniqueIdentifier>{a2a912a6-5d97-43b0-a01d-489d5583b23d}</UniqueIdentifier>
    </Filter>
    <Filter Include="Resource Files">
      <UniqueIdentifier>{c86a1df3-a8bb-41dc-ab42-10a04276e6f1}</UniqueIdentifier>
    </Filter>
  </ItemGroup>
  <ItemGroup>
    <None Include="config\default_config.json" />
    <None Include="config\preload_ips.json" />
  </ItemGroup>
  <ItemGroup>
    <ResourceCompile Include="app.rc">
      <Filter>Resource Files</Filter>
    </ResourceCompile>
  </ItemGroup>
  <ItemGroup>
    <ClCompile Include="src\main.cpp">
      <Filter>Source Files</Filter>
    </ClCompile>
    <ClCompile Include="src\common\Utils.cpp">
      <Filter>Source Files\common</Filter>
    </ClCompile>
    <ClCompile Include="src\common\IPCSerializer.cpp">
      <Filter>Source Files\common</Filter>
    </ClCompile>
    <ClCompile Include="src\ui\MainWindow.cpp">
      <Filter>Source Files\ui</Filter>
    </ClCompile>
    <ClCompile Include="src\ui\ProcessPanel.cpp">
      <Filter>Source Files\ui</Filter>
    </ClCompile>
    <ClCompile Include="src\ui\RouteTable.cpp">
      <Filter>Source Files\ui</Filter>
    </ClCompile>
    <ClCompile Include="src\ui\ServiceClient.cpp">
      <Filter>Source Files\ui</Filter>
    </ClCompile>
    <ClCompile Include="src\ui\SystemTray.cpp">
      <Filter>Source Files\ui</Filter>
    </ClCompile>
    <ClCompile Include="src\service\ConfigManager.cpp">
      <Filter>Source Files\service</Filter>
    </ClCompile>
    <ClCompile Include="src\service\NetworkMonitor.cpp">
      <Filter>Source Files\service</Filter>
    </ClCompile>
    <ClCompile Include="src\service\ProcessManager.cpp">
      <Filter>Source Files\service</Filter>
    </ClCompile>
    <ClCompile Include="src\service\RouteController.cpp">
      <Filter>Source Files\service</Filter>
    </ClCompile>
    <ClCompile Include="src\service\ServiceMain.cpp">
      <Filter>Source Files\service</Filter>
    </ClCompile>
    <ClCompile Include="src\service\Watchdog.cpp">
      <Filter>Source Files\service</Filter>
    </ClCompile>
    <ClCompile Include="src\service\RouteOptimizer.cpp">
      <Filter>Source Files\service</Filter>
    </ClCompile>
  </ItemGroup>
  <ItemGroup>
    <ClInclude Include="src\common\Utils.h">
      <Filter>Header Files\common</Filter>
    </ClInclude>
    <ClInclude Include="src\common\Models.h">
      <Filter>Header Files\common</Filter>
    </ClInclude>
    <ClInclude Include="src\common\IPCProtocol.h">
      <Filter>Header Files\common</Filter>
    </ClInclude>
    <ClInclude Include="src\common\Constants.h">
      <Filter>Header Files\common</Filter>
    </ClInclude>
    <ClInclude Include="src\ui\MainWindow.h">
      <Filter>Header Files\ui</Filter>
    </ClInclude>
    <ClInclude Include="src\ui\ProcessPanel.h">
      <Filter>Header Files\ui</Filter>
    </ClInclude>
    <ClInclude Include="src\ui\RouteTable.h">
      <Filter>Header Files\ui</Filter>
    </ClInclude>
    <ClInclude Include="src\ui\ServiceClient.h">
      <Filter>Header Files\ui</Filter>
    </ClInclude>
    <ClInclude Include="src\ui\SystemTray.h">
      <Filter>Header Files\ui</Filter>
    </ClInclude>
    <ClInclude Include="src\service\ConfigManager.h">
      <Filter>Header Files\service</Filter>
    </ClInclude>
    <ClInclude Include="src\service\NetworkMonitor.h">
      <Filter>Header Files\service</Filter>
    </ClInclude>
    <ClInclude Include="src\service\ProcessManager.h">
      <Filter>Header Files\service</Filter>
    </ClInclude>
    <ClInclude Include="src\service\RouteController.h">
      <Filter>Header Files\service</Filter>
    </ClInclude>
    <ClInclude Include="src\service\ServiceMain.h">
      <Filter>Header Files\service</Filter>
    </ClInclude>
    <ClInclude Include="src\service\Watchdog.h">
      <Filter>Header Files\service</Filter>
    </ClInclude>
    <ClInclude Include="src\common\Logger.h">
      <Filter>Header Files\common</Filter>
    </ClInclude>
    <ClInclude Include="src\common\ShutdownCoordinator.h">
      <Filter>Header Files\common</Filter>
    </ClInclude>
    <ClInclude Include="src\common\WinHandles.h">
      <Filter>Header Files\common</Filter>
    </ClInclude>
    <ClInclude Include="src\common\resource.h">
      <Filter>Header Files\common</Filter>
    </ClInclude>
    <ClInclude Include="src\service\RouteOptimizer.h">
      <Filter>Header Files\service</Filter>
    </ClInclude>
    <ClInclude Include="src\common\Result.h">
      <Filter>Header Files\common</Filter>
    </ClInclude>
  </ItemGroup>
  <ItemGroup>
    <Image Include="app.ico">
      <Filter>Resource Files</Filter>
    </Image>
  </ItemGroup>
</Project>